PODS:
  - LSTCategorySwift (0.1.11):
    - YYModel
  - YYModel (1.0.4)

DEPENDENCIES:
  - LSTCategorySwift (from `../`)

SPEC REPOS:
  trunk:
    - YYModel

EXTERNAL SOURCES:
  LSTCategorySwift:
    :path: "../"

SPEC CHECKSUMS:
  LSTCategorySwift: 907f2ec2b7ce05cfd887ef5dc3b99fa303b3fd72
  YYModel: 2a7fdd96aaa4b86a824e26d0c517de8928c04b30

PODFILE CHECKSUM: 219764b3270a4cda54140e6da651bf65e5b91a88

COCOAPODS: 1.10.1
